<Solution>
    <Folder Name="/src/">
        <Project Path="src/SBrowse.Lexer/SBrowse.Lexer.csproj" />
        <Project Path="src/SBrowse.Parser/SBrowse.Parser.csproj" />
        <Project Path="src/SBrowse.Shared/SBrowse.Shared.csproj" />
    </Folder>
    <Folder Name="/tests/">
        <Project Path="tests/SBrowse.Lexer.Tests/SBrowse.Lexer.Tests.csproj" />
        <Project Path="tests/SBrowse.Parser.Tests/SBrowse.Parser.Tests.csproj" />
        
    </Folder>
</Solution>